{
  "requires": true,
  "lockfileVersion": 1,
  "dependencies": {
    "animate.css": {
      "version": "4.1.0",
      "resolved": "https://registry.npmjs.org/animate.css/-/animate.css-4.1.0.tgz",
      "integrity": "sha512-0aVcfWDeU9ykV6vjn1P67ZSs01jxoUQZCGaYbkk0SIIelIG8kUdLrIkua1+VabHfTtsSivDRMMn0ILPvZum2gw=="
    },
    "dark-mode-switch": {
      "version": "1.0.0",
      "resolved": "https://registry.npmjs.org/dark-mode-switch/-/dark-mode-switch-1.0.0.tgz",
      "integrity": "sha512-wRoqYGmph7mwRbPcSNRR6DpRQe5wOK0lG6O3Hz7nIWWDyLAHSqje7PUI6c/acOYACiSPHc7sqysn57GSuklb6w=="
    },
    "darkmode-js": {
      "version": "1.5.6",
      "resolved": "https://registry.npmjs.org/darkmode-js/-/darkmode-js-1.5.6.tgz",
      "integrity": "sha512-V2HxC7yMK1ojK4ZgJCs/O0End6qF0BNfUy523ZUa8YIuB+/AoCnOZ2V0g/fgX5yl/0bqvqAjCbPwsOyaKeRCww=="
    }
  }
}
